
Microsoft Visual Studio Solution File, Format Version 12.00
# Visual Studio Version 16
VisualStudioVersion = 16.0.30717.126
MinimumVisualStudioVersion = 10.0.40219.1
Project("{FAE04EC0-301F-11D3-BF4B-00C04F79EFBC}") = "EstillProject01", "EstillProject01\EstillProject01.csproj", "{F1E8745C-A6F7-472E-AA84-4F026C7BC608}"
EndProject
Global
	GlobalSection(SolutionConfigurationPlatforms) = preSolution
		Debug|Any CPU = Debug|Any CPU
		Release|Any CPU = Release|Any CPU
	EndGlobalSection
	GlobalSection(ProjectConfigurationPlatforms) = postSolution
		{F1E8745C-A6F7-472E-AA84-4F026C7BC608}.Debug|Any CPU.ActiveCfg = Debug|Any CPU
		{F1E8745C-A6F7-472E-AA84-4F026C7BC608}.Debug|Any CPU.Build.0 = Debug|Any CPU
		{F1E8745C-A6F7-472E-AA84-4F026C7BC608}.Release|Any CPU.ActiveCfg = Release|Any CPU
		{F1E8745C-A6F7-472E-AA84-4F026C7BC608}.Release|Any CPU.Build.0 = Release|Any CPU
	EndGlobalSection
	GlobalSection(SolutionProperties) = preSolution
		HideSolutionNode = FALSE
	EndGlobalSection
	GlobalSection(ExtensibilityGlobals) = postSolution
		SolutionGuid = {3B6C6BA7-AC72-4241-9996-273D1B7818A7}
	EndGlobalSection
EndGlobal
